
Microsoft Visual Studio Solution File, Format Version 12.00
# Visual Studio Version 17
VisualStudioVersion = 17.11.35327.3
MinimumVisualStudioVersion = 10.0.40219.1
Project("{FAE04EC0-301F-11D3-BF4B-00C04F79EFBC}") = "01.introduction", "01.introduction\01.introduction.csproj", "{7E855D4A-464B-40F4-A07B-24D5A959EA39}"
EndProject
Global
	GlobalSection(SolutionConfigurationPlatforms) = preSolution
		Debug|Any CPU = Debug|Any CPU
		Release|Any CPU = Release|Any CPU
	EndGlobalSection
	GlobalSection(ProjectConfigurationPlatforms) = postSolution
		{7E855D4A-464B-40F4-A07B-24D5A959EA39}.Debug|Any CPU.ActiveCfg = Debug|Any CPU
		{7E855D4A-464B-40F4-A07B-24D5A959EA39}.Debug|Any CPU.Build.0 = Debug|Any CPU
		{7E855D4A-464B-40F4-A07B-24D5A959EA39}.Release|Any CPU.ActiveCfg = Release|Any CPU
		{7E855D4A-464B-40F4-A07B-24D5A959EA39}.Release|Any CPU.Build.0 = Release|Any CPU
	EndGlobalSection
	GlobalSection(SolutionProperties) = preSolution
		HideSolutionNode = FALSE
	EndGlobalSection
	GlobalSection(ExtensibilityGlobals) = postSolution
		SolutionGuid = {AB9718A7-9769-4DDF-86C1-B9857D1A99CD}
	EndGlobalSection
EndGlobal
